
Microsoft Visual Studio Solution File, Format Version 12.00
# Visual Studio Version 17
VisualStudioVersion = 17.4.33213.308
MinimumVisualStudioVersion = 10.0.40219.1
Project("{2150E333-8FDC-42A3-9474-1A3956D46DE8}") = "azure", "azure", "{5E18AE45-573C-4DB7-B1BC-B55BFA2BE951}"
	ProjectSection(SolutionItems) = preProject
		azure\azure-pipeline.yml = azure\azure-pipeline.yml
	EndProjectSection
EndProject
Project("{2150E333-8FDC-42A3-9474-1A3956D46DE8}") = "docs", "docs", "{F5D8B786-DC50-403E-A48F-8767F243F93F}"
	ProjectSection(SolutionItems) = preProject
		docs\project-host-information.txt = docs\project-host-information.txt
	EndProjectSection
EndProject
Project("{2150E333-8FDC-42A3-9474-1A3956D46DE8}") = "src", "src", "{EEA12CDE-AA95-4F62-98B0-1235C054E19F}"
EndProject
Project("{2150E333-8FDC-42A3-9474-1A3956D46DE8}") = "libraries", "libraries", "{D57DC945-9274-43EC-8372-953B9EB27E99}"
EndProject
Project("{2150E333-8FDC-42A3-9474-1A3956D46DE8}") = "documentation", "documentation", "{187F85CC-76F1-49FF-B381-24F15EF3F44F}"
EndProject
Project("{9A19103F-16F7-4668-BE54-9A1E7A4F7556}") = "Puzzle.Lib.Documentation", "libraries\documentation\Puzzle.Lib.Documentation\Puzzle.Lib.Documentation.csproj", "{62215138-5FA0-4D38-92E3-9EECF7CCAC32}"
EndProject
Project("{2150E333-8FDC-42A3-9474-1A3956D46DE8}") = "backoffice", "backoffice", "{FF1D23DB-6DCE-4C18-8471-355586E8245F}"
EndProject
Project("{2150E333-8FDC-42A3-9474-1A3956D46DE8}") = "performance", "performance", "{8A1D72BA-0C6D-458B-81DE-65D1D8200D13}"
EndProject
Project("{2150E333-8FDC-42A3-9474-1A3956D46DE8}") = "services", "services", "{925B00F3-88F1-4586-8AC7-C79E87321181}"
EndProject
Project("{9A19103F-16F7-4668-BE54-9A1E7A4F7556}") = "Puzzle.Lib.Performance", "libraries\performance\Puzzle.Lib.Performance\Puzzle.Lib.Performance.csproj", "{C0DCB7CF-C365-43F8-888C-1288470A256F}"
EndProject
Project("{2150E333-8FDC-42A3-9474-1A3956D46DE8}") = "version", "version", "{00155C6D-95FE-4CD3-9797-99A3906A9467}"
EndProject
Project("{9A19103F-16F7-4668-BE54-9A1E7A4F7556}") = "Puzzle.Lib.Version", "libraries\version\Puzzle.Lib.Version\Puzzle.Lib.Version.csproj", "{89BFEFE7-7382-452B-8104-AB0B62FBD7EF}"
EndProject
Project("{2150E333-8FDC-42A3-9474-1A3956D46DE8}") = "cookie", "cookie", "{3A572FCD-08D2-4122-A042-A507A33607FE}"
EndProject
Project("{9A19103F-16F7-4668-BE54-9A1E7A4F7556}") = "Puzzle.Lib.Cookie", "libraries\cookie\Puzzle.Lib.Cookie\Puzzle.Lib.Cookie.csproj", "{9B65148F-A788-4EB6-997D-77B5D4E41E2C}"
EndProject
Project("{2150E333-8FDC-42A3-9474-1A3956D46DE8}") = "http", "http", "{68C8B345-22B8-4C86-B6F9-39B2DC97E252}"
EndProject
Project("{9A19103F-16F7-4668-BE54-9A1E7A4F7556}") = "Puzzle.Lib.Http", "libraries\http\Puzzle.Lib.Http\Puzzle.Lib.Http.csproj", "{645BD81F-ADC3-4E72-9DC3-F7E7D1C3A420}"
EndProject
Project("{2150E333-8FDC-42A3-9474-1A3956D46DE8}") = "auth", "auth", "{EB7F6EDD-6DA0-4B34-BFA4-3539F7E3A7D2}"
EndProject
Project("{9A19103F-16F7-4668-BE54-9A1E7A4F7556}") = "Puzzle.Lib.Auth", "libraries\auth\Puzzle.Lib.Auth\Puzzle.Lib.Auth.csproj", "{7B8FEA34-3A17-4002-8320-C96AA53B276E}"
EndProject
Project("{2150E333-8FDC-42A3-9474-1A3956D46DE8}") = ".github", ".github", "{A29D1ADE-1CAE-418D-B8EF-770A1FCD8E7A}"
	ProjectSection(SolutionItems) = preProject
		.github\CONTRIBUTING.md = .github\CONTRIBUTING.md
	EndProjectSection
EndProject
Project("{2150E333-8FDC-42A3-9474-1A3956D46DE8}") = "workflows", "workflows", "{F5EFC8A7-5A8A-4A53-B1CD-822E44C9C5F2}"
	ProjectSection(SolutionItems) = preProject
		.github\workflows\continuous-integration.yml = .github\workflows\continuous-integration.yml
	EndProjectSection
EndProject
Project("{2150E333-8FDC-42A3-9474-1A3956D46DE8}") = "cache", "cache", "{EB7323A1-CC71-465D-8DEF-18B14DE16BD6}"
EndProject
Project("{9A19103F-16F7-4668-BE54-9A1E7A4F7556}") = "Puzzle.Lib.Cache", "libraries\cache\Puzzle.Lib.Cache\Puzzle.Lib.Cache.csproj", "{723A490B-8355-4B8D-B2BC-104EC67FE71C}"
EndProject
Project("{2150E333-8FDC-42A3-9474-1A3956D46DE8}") = ".vscode", ".vscode", "{60633EF5-6895-46F5-9FE1-1C027E0E3012}"
	ProjectSection(SolutionItems) = preProject
		.vscode\settings.json = .vscode\settings.json
	EndProjectSection
EndProject
Project("{2150E333-8FDC-42A3-9474-1A3956D46DE8}") = "identity-server", "identity-server", "{E8A4051C-D079-49F3-A956-45917EE3E02A}"
EndProject
Project("{9A19103F-16F7-4668-BE54-9A1E7A4F7556}") = "Notiflow.IdentityServer", "src\identity-server\Notiflow.IdentityServer\Notiflow.IdentityServer.csproj", "{9CA42551-0F14-44A4-986F-BF01C751C0E4}"
EndProject
Project("{2150E333-8FDC-42A3-9474-1A3956D46DE8}") = "gateways", "gateways", "{8F8BDEB3-23B9-4EBB-A2A1-3B54EA17A736}"
EndProject
Project("{9A19103F-16F7-4668-BE54-9A1E7A4F7556}") = "Notiflow.Gateway", "src\gateways\Notiflow.Gateway\Notiflow.Gateway.csproj", "{106D0181-B97F-4DA4-B274-D6EA7440EE16}"
EndProject
Project("{2150E333-8FDC-42A3-9474-1A3956D46DE8}") = "database", "database", "{681CB20C-8A02-4184-97CD-B103C48620B2}"
EndProject
Project("{9A19103F-16F7-4668-BE54-9A1E7A4F7556}") = "Puzzle.Lib.Database", "libraries\database\Puzzle.Lib.Database\Puzzle.Lib.Database.csproj", "{592E19B0-DA6C-44EF-AB33-41F9160DA425}"
EndProject
Project("{2150E333-8FDC-42A3-9474-1A3956D46DE8}") = "validation", "validation", "{201829B2-D089-45B1-A923-F97A8D31E287}"
EndProject
Project("{9A19103F-16F7-4668-BE54-9A1E7A4F7556}") = "Puzzle.Lib.Validation", "libraries\validation\Puzzle.Lib.Validation\Puzzle.Lib.Validation.csproj", "{57421245-72D7-4638-9BC6-8AE4628E0785}"
EndProject
Project("{2150E333-8FDC-42A3-9474-1A3956D46DE8}") = "schedule", "schedule", "{185C3CF1-D126-443E-B335-DFB7750DAFB8}"
EndProject
Project("{9A19103F-16F7-4668-BE54-9A1E7A4F7556}") = "Puzzle.Lib.Hangfire", "libraries\schedule\Puzzle.Lib.Hangfire\Puzzle.Lib.Hangfire.csproj", "{6C604D14-7913-4C34-9370-83550F1DAF66}"
EndProject
Project("{2150E333-8FDC-42A3-9474-1A3956D46DE8}") = "file", "file", "{C1498836-2F4E-4243-81FC-47C5C44A3338}"
EndProject
Project("{9A19103F-16F7-4668-BE54-9A1E7A4F7556}") = "Puzzle.Lib.File", "libraries\file\Puzzle.Lib.File\Puzzle.Lib.File.csproj", "{2A536DFA-CDAF-45A2-8101-B02527787096}"
EndProject
Project("{2150E333-8FDC-42A3-9474-1A3956D46DE8}") = "healthcheck", "healthcheck", "{1347987F-D7A9-414F-89B2-1CE09258C71C}"
EndProject
Project("{9A19103F-16F7-4668-BE54-9A1E7A4F7556}") = "Puzzle.Lib.HealthCheck", "libraries\healthcheck\Puzzle.Lib.HealthCheck\Puzzle.Lib.HealthCheck.csproj", "{93CBDD8C-5FFC-4D80-BCA5-9F8765EDC258}"
EndProject
Project("{2150E333-8FDC-42A3-9474-1A3956D46DE8}") = "host", "host", "{24BC6A93-AAED-48BE-A74F-DB57A003FBC1}"
EndProject
Project("{9A19103F-16F7-4668-BE54-9A1E7A4F7556}") = "Puzzle.Lib.Host", "libraries\host\Puzzle.Lib.Host\Puzzle.Lib.Host.csproj", "{D0A192E9-F6BF-4C78-B372-4577C0435061}"
EndProject
Project("{2150E333-8FDC-42A3-9474-1A3956D46DE8}") = "response", "response", "{366A89CB-4648-4DE3-8CD9-3D1951744C07}"
EndProject
Project("{9A19103F-16F7-4668-BE54-9A1E7A4F7556}") = "Puzzle.Lib.Response", "libraries\response\Puzzle.Lib.Response\Puzzle.Lib.Response.csproj", "{603EDDEC-DABD-4C3A-8DBB-02985513D142}"
EndProject
Project("{2150E333-8FDC-42A3-9474-1A3956D46DE8}") = "security", "security", "{537A222D-7E91-4C20-8C88-289AC5C4EB33}"
EndProject
Project("{9A19103F-16F7-4668-BE54-9A1E7A4F7556}") = "Puzzle.Lib.Security", "libraries\security\Puzzle.Lib.Security\Puzzle.Lib.Security.csproj", "{C4FAB42A-B863-436E-AAE7-A1E5D59E90D6}"
EndProject
Project("{2150E333-8FDC-42A3-9474-1A3956D46DE8}") = "messagebroker", "messagebroker", "{EE9FE4FD-1A62-47D6-929A-44822BF75070}"
EndProject
Project("{9A19103F-16F7-4668-BE54-9A1E7A4F7556}") = "Puzzle.Lib.MessageBroker", "libraries\messagebroker\Puzzle.Lib.MessageBroker\Puzzle.Lib.MessageBroker.csproj", "{7BE7C6DC-8052-48D2-B735-8BE0DC54E478}"
EndProject
Project("{2150E333-8FDC-42A3-9474-1A3956D46DE8}") = "shared", "shared", "{2580AFC0-8F1A-4F2F-8C13-C66ED896DF6B}"
EndProject
Project("{9A19103F-16F7-4668-BE54-9A1E7A4F7556}") = "Puzzle.Lib.Assistants", "libraries\shared\Puzzle.Lib.Assistants\Puzzle.Lib.Assistants.csproj", "{8D458AF5-C799-4B57-BF93-9615A709ED62}"
EndProject
Project("{2150E333-8FDC-42A3-9474-1A3956D46DE8}") = "logging", "logging", "{42DB1BCB-0A13-48D6-8259-155D7BFAB8D4}"
EndProject
Project("{9A19103F-16F7-4668-BE54-9A1E7A4F7556}") = "Puzzle.Lib.Logging", "libraries\logging\Puzzle.Lib.Logging\Puzzle.Lib.Logging.csproj", "{DB468CA3-F92F-4371-9B15-5F324F8B006C}"
EndProject
Project("{2150E333-8FDC-42A3-9474-1A3956D46DE8}") = "session", "session", "{E7517BF8-B3F9-449A-BFA5-4AD0B036F306}"
EndProject
Project("{9A19103F-16F7-4668-BE54-9A1E7A4F7556}") = "Puzzle.Lib.Session", "libraries\session\Puzzle.Lib.Session\Puzzle.Lib.Session.csproj", "{5DD8502F-12E1-4702-BC86-2E1FED099468}"
EndProject
Project("{9A19103F-16F7-4668-BE54-9A1E7A4F7556}") = "Puzzle.Lib.Auth.Tests", "libraries\auth\Puzzle.Lib.Auth.Tests\Puzzle.Lib.Auth.Tests.csproj", "{6C298BB6-FBA2-48FA-9CEE-26F96CA1F685}"
EndProject
Project("{9A19103F-16F7-4668-BE54-9A1E7A4F7556}") = "Puzzle.Lib.Cache.Tests", "libraries\cache\Puzzle.Lib.Cache.Tests\Puzzle.Lib.Cache.Tests.csproj", "{82192188-3AB8-4CA8-9F4D-059127BAF498}"
EndProject
Project("{9A19103F-16F7-4668-BE54-9A1E7A4F7556}") = "Puzzle.Lib.Cookie.Tests", "libraries\cookie\Puzzle.Lib.Cookie.Tests\Puzzle.Lib.Cookie.Tests.csproj", "{DFB8355D-B006-4239-9308-45E40A758F35}"
EndProject
Project("{9A19103F-16F7-4668-BE54-9A1E7A4F7556}") = "Puzzle.Lib.Documentation.Tests", "libraries\documentation\Puzzle.Lib.Documentation.Tests\Puzzle.Lib.Documentation.Tests.csproj", "{E657EF56-E155-4E98-89C4-DCEA53077207}"
EndProject
Project("{9A19103F-16F7-4668-BE54-9A1E7A4F7556}") = "Puzzle.Lib.File.Tests", "libraries\file\Puzzle.Lib.File.Tests\Puzzle.Lib.File.Tests.csproj", "{6BB42B15-91B1-4421-8744-97BB77746D3C}"
EndProject
Project("{9A19103F-16F7-4668-BE54-9A1E7A4F7556}") = "Puzzle.Lib.HealthCheck.Tests", "libraries\healthcheck\Puzzle.Lib.HealthCheck.Tests\Puzzle.Lib.HealthCheck.Tests.csproj", "{F6996CA2-E867-4EF7-9B29-A5B590AC0D71}"
EndProject
Project("{9A19103F-16F7-4668-BE54-9A1E7A4F7556}") = "Puzzle.Lib.Host.Tests", "libraries\host\Puzzle.Lib.Host.Tests\Puzzle.Lib.Host.Tests.csproj", "{FEC383B5-785F-4352-90F6-103B6142B361}"
EndProject
Project("{9A19103F-16F7-4668-BE54-9A1E7A4F7556}") = "Puzzle.Lib.Http.Tests", "libraries\http\Puzzle.Lib.Http.Tests\Puzzle.Lib.Http.Tests.csproj", "{36B0E64C-42EF-44D8-A5AB-5AA9ABDA2EE5}"
EndProject
Project("{9A19103F-16F7-4668-BE54-9A1E7A4F7556}") = "Puzzle.Lib.MessageBroker.Tests", "libraries\messagebroker\Puzzle.Lib.MessageBroker.Tests\Puzzle.Lib.MessageBroker.Tests.csproj", "{413A823E-5A7C-4BB7-BD01-19CDD0071A64}"
EndProject
Project("{9A19103F-16F7-4668-BE54-9A1E7A4F7556}") = "Puzzle.Lib.Performance.Tests", "libraries\performance\Puzzle.Lib.Performance.Tests\Puzzle.Lib.Performance.Tests.csproj", "{D4DFB982-C0F8-48E0-AA05-46FA7016ACB8}"
EndProject
Project("{9A19103F-16F7-4668-BE54-9A1E7A4F7556}") = "Puzzle.Lib.Hangfire.Tests", "libraries\schedule\Puzzle.Lib.Hangfire.Tests\Puzzle.Lib.Hangfire.Tests.csproj", "{0CCD88EC-A637-437C-B06A-5D1ED5810EBF}"
EndProject
Project("{9A19103F-16F7-4668-BE54-9A1E7A4F7556}") = "Puzzle.Lib.Security.Tests", "libraries\security\Puzzle.Lib.Security.Tests\Puzzle.Lib.Security.Tests.csproj", "{1F647598-F4F3-469D-ACA2-C5883C0B15E7}"
EndProject
Project("{9A19103F-16F7-4668-BE54-9A1E7A4F7556}") = "Puzzle.Lib.Session.Tests", "libraries\session\Puzzle.Lib.Session.Tests\Puzzle.Lib.Session.Tests.csproj", "{EFAFC068-ED37-4C69-9747-EB8126B8CF2E}"
EndProject
Project("{9A19103F-16F7-4668-BE54-9A1E7A4F7556}") = "Puzzle.Lib.Assistants.Tests", "libraries\shared\Puzzle.Lib.Assistants.Tests\Puzzle.Lib.Assistants.Tests.csproj", "{998B221D-CE8E-42DC-ADEC-E84ECDA432C2}"
EndProject
Project("{9A19103F-16F7-4668-BE54-9A1E7A4F7556}") = "Puzzle.Lib.Validation.Tests", "libraries\validation\Puzzle.Lib.Validation.Tests\Puzzle.Lib.Validation.Tests.csproj", "{62711E48-607C-4E2F-8646-609390A5225A}"
EndProject
Project("{9A19103F-16F7-4668-BE54-9A1E7A4F7556}") = "Puzzle.Lib.Version.Tests", "libraries\version\Puzzle.Lib.Version.Tests\Puzzle.Lib.Version.Tests.csproj", "{D982EECE-F4D7-40BE-94E6-C0C187DA013D}"
EndProject
Project("{9A19103F-16F7-4668-BE54-9A1E7A4F7556}") = "Puzzle.Lib.Logging.Tests", "libraries\logging\Puzzle.Lib.Logging.Tests\Puzzle.Lib.Logging.Tests.csproj", "{DC55ECE9-C9F1-4833-B9A8-93861DC6A344}"
EndProject
Project("{9A19103F-16F7-4668-BE54-9A1E7A4F7556}") = "Puzzle.Lib.Response.Tests", "libraries\response\Puzzle.Lib.Response.Tests\Puzzle.Lib.Response.Tests.csproj", "{E76FC60B-0058-429B-A9A1-C690642C7B50}"
EndProject
Project("{2150E333-8FDC-42A3-9474-1A3956D46DE8}") = "core", "core", "{6CE50543-2E2B-4065-AB83-CD901F758888}"
EndProject
Project("{9A19103F-16F7-4668-BE54-9A1E7A4F7556}") = "Notiflow.Backoffice.Application", "src\services\backoffice\core\Notiflow.Backoffice.Application\Notiflow.Backoffice.Application.csproj", "{674BC85D-B7DC-4AD3-B45A-0836868A96E9}"
EndProject
Project("{9A19103F-16F7-4668-BE54-9A1E7A4F7556}") = "Notiflow.Backoffice.Domain", "src\services\backoffice\core\Notiflow.Backoffice.Domain\Notiflow.Backoffice.Domain.csproj", "{A8285912-39FC-4193-96EE-C07DC9D962DA}"
EndProject
Project("{2150E333-8FDC-42A3-9474-1A3956D46DE8}") = "infrastructure", "infrastructure", "{97AD861A-A36D-4CFF-AF79-63C4E4351896}"
EndProject
Project("{9A19103F-16F7-4668-BE54-9A1E7A4F7556}") = "Notiflow.Backoffice.Infrastructure", "src\services\backoffice\infrastructure\Notiflow.Backoffice.Infrastructure\Notiflow.Backoffice.Infrastructure.csproj", "{A7449262-A0F2-4DA8-8AB7-04BB7F15D767}"
EndProject
Project("{9A19103F-16F7-4668-BE54-9A1E7A4F7556}") = "Notiflow.Backoffice.Persistence", "src\services\backoffice\infrastructure\Notiflow.Backoffice.Persistence\Notiflow.Backoffice.Persistence.csproj", "{03417312-D6F4-4B5F-8950-A35EFB6F1289}"
EndProject
Project("{2150E333-8FDC-42A3-9474-1A3956D46DE8}") = "presentation", "presentation", "{1EAA4228-9FE6-4F23-BE87-AD109AAB9B40}"
EndProject
Project("{9A19103F-16F7-4668-BE54-9A1E7A4F7556}") = "Notiflow.Backoffice.API", "src\services\backoffice\presentation\Notiflow.Backoffice.API\Notiflow.Backoffice.API\Notiflow.Backoffice.API.csproj", "{88C617A9-D4FC-4B4A-A1CD-7662D495C440}"
EndProject
Project("{9A19103F-16F7-4668-BE54-9A1E7A4F7556}") = "Puzzle.Lib.Entities", "libraries\database\Puzzle.Lib.Entities\Puzzle.Lib.Entities.csproj", "{EE705B25-E66C-48B0-BCA9-667478BA0A2B}"
EndProject
Project("{9A19103F-16F7-4668-BE54-9A1E7A4F7556}") = "Puzzle.Lib.Database.Tests", "libraries\database\Puzzle.Lib.Database.Tests\Puzzle.Lib.Database.Tests.csproj", "{0BA073BC-AF1C-410A-ABE3-33B5CEB1FD36}"
EndProject
Global
	GlobalSection(SolutionConfigurationPlatforms) = preSolution
		Debug|Any CPU = Debug|Any CPU
		Release|Any CPU = Release|Any CPU
	EndGlobalSection
	GlobalSection(ProjectConfigurationPlatforms) = postSolution
		{62215138-5FA0-4D38-92E3-9EECF7CCAC32}.Debug|Any CPU.ActiveCfg = Debug|Any CPU
		{62215138-5FA0-4D38-92E3-9EECF7CCAC32}.Debug|Any CPU.Build.0 = Debug|Any CPU
		{62215138-5FA0-4D38-92E3-9EECF7CCAC32}.Release|Any CPU.ActiveCfg = Release|Any CPU
		{62215138-5FA0-4D38-92E3-9EECF7CCAC32}.Release|Any CPU.Build.0 = Release|Any CPU
		{C0DCB7CF-C365-43F8-888C-1288470A256F}.Debug|Any CPU.ActiveCfg = Debug|Any CPU
		{C0DCB7CF-C365-43F8-888C-1288470A256F}.Debug|Any CPU.Build.0 = Debug|Any CPU
		{C0DCB7CF-C365-43F8-888C-1288470A256F}.Release|Any CPU.ActiveCfg = Release|Any CPU
		{C0DCB7CF-C365-43F8-888C-1288470A256F}.Release|Any CPU.Build.0 = Release|Any CPU
		{89BFEFE7-7382-452B-8104-AB0B62FBD7EF}.Debug|Any CPU.ActiveCfg = Debug|Any CPU
		{89BFEFE7-7382-452B-8104-AB0B62FBD7EF}.Debug|Any CPU.Build.0 = Debug|Any CPU
		{89BFEFE7-7382-452B-8104-AB0B62FBD7EF}.Release|Any CPU.ActiveCfg = Release|Any CPU
		{89BFEFE7-7382-452B-8104-AB0B62FBD7EF}.Release|Any CPU.Build.0 = Release|Any CPU
		{9B65148F-A788-4EB6-997D-77B5D4E41E2C}.Debug|Any CPU.ActiveCfg = Debug|Any CPU
		{9B65148F-A788-4EB6-997D-77B5D4E41E2C}.Debug|Any CPU.Build.0 = Debug|Any CPU
		{9B65148F-A788-4EB6-997D-77B5D4E41E2C}.Release|Any CPU.ActiveCfg = Release|Any CPU
		{9B65148F-A788-4EB6-997D-77B5D4E41E2C}.Release|Any CPU.Build.0 = Release|Any CPU
		{645BD81F-ADC3-4E72-9DC3-F7E7D1C3A420}.Debug|Any CPU.ActiveCfg = Debug|Any CPU
		{645BD81F-ADC3-4E72-9DC3-F7E7D1C3A420}.Debug|Any CPU.Build.0 = Debug|Any CPU
		{645BD81F-ADC3-4E72-9DC3-F7E7D1C3A420}.Release|Any CPU.ActiveCfg = Release|Any CPU
		{645BD81F-ADC3-4E72-9DC3-F7E7D1C3A420}.Release|Any CPU.Build.0 = Release|Any CPU
		{7B8FEA34-3A17-4002-8320-C96AA53B276E}.Debug|Any CPU.ActiveCfg = Debug|Any CPU
		{7B8FEA34-3A17-4002-8320-C96AA53B276E}.Debug|Any CPU.Build.0 = Debug|Any CPU
		{7B8FEA34-3A17-4002-8320-C96AA53B276E}.Release|Any CPU.ActiveCfg = Release|Any CPU
		{7B8FEA34-3A17-4002-8320-C96AA53B276E}.Release|Any CPU.Build.0 = Release|Any CPU
		{723A490B-8355-4B8D-B2BC-104EC67FE71C}.Debug|Any CPU.ActiveCfg = Debug|Any CPU
		{723A490B-8355-4B8D-B2BC-104EC67FE71C}.Debug|Any CPU.Build.0 = Debug|Any CPU
		{723A490B-8355-4B8D-B2BC-104EC67FE71C}.Release|Any CPU.ActiveCfg = Release|Any CPU
		{723A490B-8355-4B8D-B2BC-104EC67FE71C}.Release|Any CPU.Build.0 = Release|Any CPU
		{9CA42551-0F14-44A4-986F-BF01C751C0E4}.Debug|Any CPU.ActiveCfg = Debug|Any CPU
		{9CA42551-0F14-44A4-986F-BF01C751C0E4}.Debug|Any CPU.Build.0 = Debug|Any CPU
		{9CA42551-0F14-44A4-986F-BF01C751C0E4}.Release|Any CPU.ActiveCfg = Release|Any CPU
		{9CA42551-0F14-44A4-986F-BF01C751C0E4}.Release|Any CPU.Build.0 = Release|Any CPU
		{106D0181-B97F-4DA4-B274-D6EA7440EE16}.Debug|Any CPU.ActiveCfg = Debug|Any CPU
		{106D0181-B97F-4DA4-B274-D6EA7440EE16}.Debug|Any CPU.Build.0 = Debug|Any CPU
		{106D0181-B97F-4DA4-B274-D6EA7440EE16}.Release|Any CPU.ActiveCfg = Release|Any CPU
		{106D0181-B97F-4DA4-B274-D6EA7440EE16}.Release|Any CPU.Build.0 = Release|Any CPU
		{592E19B0-DA6C-44EF-AB33-41F9160DA425}.Debug|Any CPU.ActiveCfg = Debug|Any CPU
		{592E19B0-DA6C-44EF-AB33-41F9160DA425}.Debug|Any CPU.Build.0 = Debug|Any CPU
		{592E19B0-DA6C-44EF-AB33-41F9160DA425}.Release|Any CPU.ActiveCfg = Release|Any CPU
		{592E19B0-DA6C-44EF-AB33-41F9160DA425}.Release|Any CPU.Build.0 = Release|Any CPU
		{57421245-72D7-4638-9BC6-8AE4628E0785}.Debug|Any CPU.ActiveCfg = Debug|Any CPU
		{57421245-72D7-4638-9BC6-8AE4628E0785}.Debug|Any CPU.Build.0 = Debug|Any CPU
		{57421245-72D7-4638-9BC6-8AE4628E0785}.Release|Any CPU.ActiveCfg = Release|Any CPU
		{57421245-72D7-4638-9BC6-8AE4628E0785}.Release|Any CPU.Build.0 = Release|Any CPU
		{6C604D14-7913-4C34-9370-83550F1DAF66}.Debug|Any CPU.ActiveCfg = Debug|Any CPU
		{6C604D14-7913-4C34-9370-83550F1DAF66}.Debug|Any CPU.Build.0 = Debug|Any CPU
		{6C604D14-7913-4C34-9370-83550F1DAF66}.Release|Any CPU.ActiveCfg = Release|Any CPU
		{6C604D14-7913-4C34-9370-83550F1DAF66}.Release|Any CPU.Build.0 = Release|Any CPU
		{2A536DFA-CDAF-45A2-8101-B02527787096}.Debug|Any CPU.ActiveCfg = Debug|Any CPU
		{2A536DFA-CDAF-45A2-8101-B02527787096}.Debug|Any CPU.Build.0 = Debug|Any CPU
		{2A536DFA-CDAF-45A2-8101-B02527787096}.Release|Any CPU.ActiveCfg = Release|Any CPU
		{2A536DFA-CDAF-45A2-8101-B02527787096}.Release|Any CPU.Build.0 = Release|Any CPU
		{93CBDD8C-5FFC-4D80-BCA5-9F8765EDC258}.Debug|Any CPU.ActiveCfg = Debug|Any CPU
		{93CBDD8C-5FFC-4D80-BCA5-9F8765EDC258}.Debug|Any CPU.Build.0 = Debug|Any CPU
		{93CBDD8C-5FFC-4D80-BCA5-9F8765EDC258}.Release|Any CPU.ActiveCfg = Release|Any CPU
		{93CBDD8C-5FFC-4D80-BCA5-9F8765EDC258}.Release|Any CPU.Build.0 = Release|Any CPU
		{D0A192E9-F6BF-4C78-B372-4577C0435061}.Debug|Any CPU.ActiveCfg = Debug|Any CPU
		{D0A192E9-F6BF-4C78-B372-4577C0435061}.Debug|Any CPU.Build.0 = Debug|Any CPU
		{D0A192E9-F6BF-4C78-B372-4577C0435061}.Release|Any CPU.ActiveCfg = Release|Any CPU
		{D0A192E9-F6BF-4C78-B372-4577C0435061}.Release|Any CPU.Build.0 = Release|Any CPU
		{603EDDEC-DABD-4C3A-8DBB-02985513D142}.Debug|Any CPU.ActiveCfg = Debug|Any CPU
		{603EDDEC-DABD-4C3A-8DBB-02985513D142}.Debug|Any CPU.Build.0 = Debug|Any CPU
		{603EDDEC-DABD-4C3A-8DBB-02985513D142}.Release|Any CPU.ActiveCfg = Release|Any CPU
		{603EDDEC-DABD-4C3A-8DBB-02985513D142}.Release|Any CPU.Build.0 = Release|Any CPU
		{C4FAB42A-B863-436E-AAE7-A1E5D59E90D6}.Debug|Any CPU.ActiveCfg = Debug|Any CPU
		{C4FAB42A-B863-436E-AAE7-A1E5D59E90D6}.Debug|Any CPU.Build.0 = Debug|Any CPU
		{C4FAB42A-B863-436E-AAE7-A1E5D59E90D6}.Release|Any CPU.ActiveCfg = Release|Any CPU
		{C4FAB42A-B863-436E-AAE7-A1E5D59E90D6}.Release|Any CPU.Build.0 = Release|Any CPU
		{7BE7C6DC-8052-48D2-B735-8BE0DC54E478}.Debug|Any CPU.ActiveCfg = Debug|Any CPU
		{7BE7C6DC-8052-48D2-B735-8BE0DC54E478}.Debug|Any CPU.Build.0 = Debug|Any CPU
		{7BE7C6DC-8052-48D2-B735-8BE0DC54E478}.Release|Any CPU.ActiveCfg = Release|Any CPU
		{7BE7C6DC-8052-48D2-B735-8BE0DC54E478}.Release|Any CPU.Build.0 = Release|Any CPU
		{8D458AF5-C799-4B57-BF93-9615A709ED62}.Debug|Any CPU.ActiveCfg = Debug|Any CPU
		{8D458AF5-C799-4B57-BF93-9615A709ED62}.Debug|Any CPU.Build.0 = Debug|Any CPU
		{8D458AF5-C799-4B57-BF93-9615A709ED62}.Release|Any CPU.ActiveCfg = Release|Any CPU
		{8D458AF5-C799-4B57-BF93-9615A709ED62}.Release|Any CPU.Build.0 = Release|Any CPU
		{DB468CA3-F92F-4371-9B15-5F324F8B006C}.Debug|Any CPU.ActiveCfg = Debug|Any CPU
		{DB468CA3-F92F-4371-9B15-5F324F8B006C}.Debug|Any CPU.Build.0 = Debug|Any CPU
		{DB468CA3-F92F-4371-9B15-5F324F8B006C}.Release|Any CPU.ActiveCfg = Release|Any CPU
		{DB468CA3-F92F-4371-9B15-5F324F8B006C}.Release|Any CPU.Build.0 = Release|Any CPU
		{5DD8502F-12E1-4702-BC86-2E1FED099468}.Debug|Any CPU.ActiveCfg = Debug|Any CPU
		{5DD8502F-12E1-4702-BC86-2E1FED099468}.Debug|Any CPU.Build.0 = Debug|Any CPU
		{5DD8502F-12E1-4702-BC86-2E1FED099468}.Release|Any CPU.ActiveCfg = Release|Any CPU
		{5DD8502F-12E1-4702-BC86-2E1FED099468}.Release|Any CPU.Build.0 = Release|Any CPU
		{6C298BB6-FBA2-48FA-9CEE-26F96CA1F685}.Debug|Any CPU.ActiveCfg = Debug|Any CPU
		{6C298BB6-FBA2-48FA-9CEE-26F96CA1F685}.Debug|Any CPU.Build.0 = Debug|Any CPU
		{6C298BB6-FBA2-48FA-9CEE-26F96CA1F685}.Release|Any CPU.ActiveCfg = Release|Any CPU
		{6C298BB6-FBA2-48FA-9CEE-26F96CA1F685}.Release|Any CPU.Build.0 = Release|Any CPU
		{82192188-3AB8-4CA8-9F4D-059127BAF498}.Debug|Any CPU.ActiveCfg = Debug|Any CPU
		{82192188-3AB8-4CA8-9F4D-059127BAF498}.Debug|Any CPU.Build.0 = Debug|Any CPU
		{82192188-3AB8-4CA8-9F4D-059127BAF498}.Release|Any CPU.ActiveCfg = Release|Any CPU
		{82192188-3AB8-4CA8-9F4D-059127BAF498}.Release|Any CPU.Build.0 = Release|Any CPU
		{DFB8355D-B006-4239-9308-45E40A758F35}.Debug|Any CPU.ActiveCfg = Debug|Any CPU
		{DFB8355D-B006-4239-9308-45E40A758F35}.Debug|Any CPU.Build.0 = Debug|Any CPU
		{DFB8355D-B006-4239-9308-45E40A758F35}.Release|Any CPU.ActiveCfg = Release|Any CPU
		{DFB8355D-B006-4239-9308-45E40A758F35}.Release|Any CPU.Build.0 = Release|Any CPU
		{E657EF56-E155-4E98-89C4-DCEA53077207}.Debug|Any CPU.ActiveCfg = Debug|Any CPU
		{E657EF56-E155-4E98-89C4-DCEA53077207}.Debug|Any CPU.Build.0 = Debug|Any CPU
		{E657EF56-E155-4E98-89C4-DCEA53077207}.Release|Any CPU.ActiveCfg = Release|Any CPU
		{E657EF56-E155-4E98-89C4-DCEA53077207}.Release|Any CPU.Build.0 = Release|Any CPU
		{6BB42B15-91B1-4421-8744-97BB77746D3C}.Debug|Any CPU.ActiveCfg = Debug|Any CPU
		{6BB42B15-91B1-4421-8744-97BB77746D3C}.Debug|Any CPU.Build.0 = Debug|Any CPU
		{6BB42B15-91B1-4421-8744-97BB77746D3C}.Release|Any CPU.ActiveCfg = Release|Any CPU
		{6BB42B15-91B1-4421-8744-97BB77746D3C}.Release|Any CPU.Build.0 = Release|Any CPU
		{F6996CA2-E867-4EF7-9B29-A5B590AC0D71}.Debug|Any CPU.ActiveCfg = Debug|Any CPU
		{F6996CA2-E867-4EF7-9B29-A5B590AC0D71}.Debug|Any CPU.Build.0 = Debug|Any CPU
		{F6996CA2-E867-4EF7-9B29-A5B590AC0D71}.Release|Any CPU.ActiveCfg = Release|Any CPU
		{F6996CA2-E867-4EF7-9B29-A5B590AC0D71}.Release|Any CPU.Build.0 = Release|Any CPU
		{FEC383B5-785F-4352-90F6-103B6142B361}.Debug|Any CPU.ActiveCfg = Debug|Any CPU
		{FEC383B5-785F-4352-90F6-103B6142B361}.Debug|Any CPU.Build.0 = Debug|Any CPU
		{FEC383B5-785F-4352-90F6-103B6142B361}.Release|Any CPU.ActiveCfg = Release|Any CPU
		{FEC383B5-785F-4352-90F6-103B6142B361}.Release|Any CPU.Build.0 = Release|Any CPU
		{36B0E64C-42EF-44D8-A5AB-5AA9ABDA2EE5}.Debug|Any CPU.ActiveCfg = Debug|Any CPU
		{36B0E64C-42EF-44D8-A5AB-5AA9ABDA2EE5}.Debug|Any CPU.Build.0 = Debug|Any CPU
		{36B0E64C-42EF-44D8-A5AB-5AA9ABDA2EE5}.Release|Any CPU.ActiveCfg = Release|Any CPU
		{36B0E64C-42EF-44D8-A5AB-5AA9ABDA2EE5}.Release|Any CPU.Build.0 = Release|Any CPU
		{413A823E-5A7C-4BB7-BD01-19CDD0071A64}.Debug|Any CPU.ActiveCfg = Debug|Any CPU
		{413A823E-5A7C-4BB7-BD01-19CDD0071A64}.Debug|Any CPU.Build.0 = Debug|Any CPU
		{413A823E-5A7C-4BB7-BD01-19CDD0071A64}.Release|Any CPU.ActiveCfg = Release|Any CPU
		{413A823E-5A7C-4BB7-BD01-19CDD0071A64}.Release|Any CPU.Build.0 = Release|Any CPU
		{D4DFB982-C0F8-48E0-AA05-46FA7016ACB8}.Debug|Any CPU.ActiveCfg = Debug|Any CPU
		{D4DFB982-C0F8-48E0-AA05-46FA7016ACB8}.Debug|Any CPU.Build.0 = Debug|Any CPU
		{D4DFB982-C0F8-48E0-AA05-46FA7016ACB8}.Release|Any CPU.ActiveCfg = Release|Any CPU
		{D4DFB982-C0F8-48E0-AA05-46FA7016ACB8}.Release|Any CPU.Build.0 = Release|Any CPU
		{0CCD88EC-A637-437C-B06A-5D1ED5810EBF}.Debug|Any CPU.ActiveCfg = Debug|Any CPU
		{0CCD88EC-A637-437C-B06A-5D1ED5810EBF}.Debug|Any CPU.Build.0 = Debug|Any CPU
		{0CCD88EC-A637-437C-B06A-5D1ED5810EBF}.Release|Any CPU.ActiveCfg = Release|Any CPU
		{0CCD88EC-A637-437C-B06A-5D1ED5810EBF}.Release|Any CPU.Build.0 = Release|Any CPU
		{1F647598-F4F3-469D-ACA2-C5883C0B15E7}.Debug|Any CPU.ActiveCfg = Debug|Any CPU
		{1F647598-F4F3-469D-ACA2-C5883C0B15E7}.Debug|Any CPU.Build.0 = Debug|Any CPU
		{1F647598-F4F3-469D-ACA2-C5883C0B15E7}.Release|Any CPU.ActiveCfg = Release|Any CPU
		{1F647598-F4F3-469D-ACA2-C5883C0B15E7}.Release|Any CPU.Build.0 = Release|Any CPU
		{EFAFC068-ED37-4C69-9747-EB8126B8CF2E}.Debug|Any CPU.ActiveCfg = Debug|Any CPU
		{EFAFC068-ED37-4C69-9747-EB8126B8CF2E}.Debug|Any CPU.Build.0 = Debug|Any CPU
		{EFAFC068-ED37-4C69-9747-EB8126B8CF2E}.Release|Any CPU.ActiveCfg = Release|Any CPU
		{EFAFC068-ED37-4C69-9747-EB8126B8CF2E}.Release|Any CPU.Build.0 = Release|Any CPU
		{998B221D-CE8E-42DC-ADEC-E84ECDA432C2}.Debug|Any CPU.ActiveCfg = Debug|Any CPU
		{998B221D-CE8E-42DC-ADEC-E84ECDA432C2}.Debug|Any CPU.Build.0 = Debug|Any CPU
		{998B221D-CE8E-42DC-ADEC-E84ECDA432C2}.Release|Any CPU.ActiveCfg = Release|Any CPU
		{998B221D-CE8E-42DC-ADEC-E84ECDA432C2}.Release|Any CPU.Build.0 = Release|Any CPU
		{62711E48-607C-4E2F-8646-609390A5225A}.Debug|Any CPU.ActiveCfg = Debug|Any CPU
		{62711E48-607C-4E2F-8646-609390A5225A}.Debug|Any CPU.Build.0 = Debug|Any CPU
		{62711E48-607C-4E2F-8646-609390A5225A}.Release|Any CPU.ActiveCfg = Release|Any CPU
		{62711E48-607C-4E2F-8646-609390A5225A}.Release|Any CPU.Build.0 = Release|Any CPU
		{D982EECE-F4D7-40BE-94E6-C0C187DA013D}.Debug|Any CPU.ActiveCfg = Debug|Any CPU
		{D982EECE-F4D7-40BE-94E6-C0C187DA013D}.Debug|Any CPU.Build.0 = Debug|Any CPU
		{D982EECE-F4D7-40BE-94E6-C0C187DA013D}.Release|Any CPU.ActiveCfg = Release|Any CPU
		{D982EECE-F4D7-40BE-94E6-C0C187DA013D}.Release|Any CPU.Build.0 = Release|Any CPU
		{DC55ECE9-C9F1-4833-B9A8-93861DC6A344}.Debug|Any CPU.ActiveCfg = Debug|Any CPU
		{DC55ECE9-C9F1-4833-B9A8-93861DC6A344}.Debug|Any CPU.Build.0 = Debug|Any CPU
		{DC55ECE9-C9F1-4833-B9A8-93861DC6A344}.Release|Any CPU.ActiveCfg = Release|Any CPU
		{DC55ECE9-C9F1-4833-B9A8-93861DC6A344}.Release|Any CPU.Build.0 = Release|Any CPU
		{E76FC60B-0058-429B-A9A1-C690642C7B50}.Debug|Any CPU.ActiveCfg = Debug|Any CPU
		{E76FC60B-0058-429B-A9A1-C690642C7B50}.Debug|Any CPU.Build.0 = Debug|Any CPU
		{E76FC60B-0058-429B-A9A1-C690642C7B50}.Release|Any CPU.ActiveCfg = Release|Any CPU
		{E76FC60B-0058-429B-A9A1-C690642C7B50}.Release|Any CPU.Build.0 = Release|Any CPU
		{674BC85D-B7DC-4AD3-B45A-0836868A96E9}.Debug|Any CPU.ActiveCfg = Debug|Any CPU
		{674BC85D-B7DC-4AD3-B45A-0836868A96E9}.Debug|Any CPU.Build.0 = Debug|Any CPU
		{674BC85D-B7DC-4AD3-B45A-0836868A96E9}.Release|Any CPU.ActiveCfg = Release|Any CPU
		{674BC85D-B7DC-4AD3-B45A-0836868A96E9}.Release|Any CPU.Build.0 = Release|Any CPU
		{A8285912-39FC-4193-96EE-C07DC9D962DA}.Debug|Any CPU.ActiveCfg = Debug|Any CPU
		{A8285912-39FC-4193-96EE-C07DC9D962DA}.Debug|Any CPU.Build.0 = Debug|Any CPU
		{A8285912-39FC-4193-96EE-C07DC9D962DA}.Release|Any CPU.ActiveCfg = Release|Any CPU
		{A8285912-39FC-4193-96EE-C07DC9D962DA}.Release|Any CPU.Build.0 = Release|Any CPU
		{A7449262-A0F2-4DA8-8AB7-04BB7F15D767}.Debug|Any CPU.ActiveCfg = Debug|Any CPU
		{A7449262-A0F2-4DA8-8AB7-04BB7F15D767}.Debug|Any CPU.Build.0 = Debug|Any CPU
		{A7449262-A0F2-4DA8-8AB7-04BB7F15D767}.Release|Any CPU.ActiveCfg = Release|Any CPU
		{A7449262-A0F2-4DA8-8AB7-04BB7F15D767}.Release|Any CPU.Build.0 = Release|Any CPU
		{03417312-D6F4-4B5F-8950-A35EFB6F1289}.Debug|Any CPU.ActiveCfg = Debug|Any CPU
		{03417312-D6F4-4B5F-8950-A35EFB6F1289}.Debug|Any CPU.Build.0 = Debug|Any CPU
		{03417312-D6F4-4B5F-8950-A35EFB6F1289}.Release|Any CPU.ActiveCfg = Release|Any CPU
		{03417312-D6F4-4B5F-8950-A35EFB6F1289}.Release|Any CPU.Build.0 = Release|Any CPU
		{88C617A9-D4FC-4B4A-A1CD-7662D495C440}.Debug|Any CPU.ActiveCfg = Debug|Any CPU
		{88C617A9-D4FC-4B4A-A1CD-7662D495C440}.Debug|Any CPU.Build.0 = Debug|Any CPU
		{88C617A9-D4FC-4B4A-A1CD-7662D495C440}.Release|Any CPU.ActiveCfg = Release|Any CPU
		{88C617A9-D4FC-4B4A-A1CD-7662D495C440}.Release|Any CPU.Build.0 = Release|Any CPU
		{EE705B25-E66C-48B0-BCA9-667478BA0A2B}.Debug|Any CPU.ActiveCfg = Debug|Any CPU
		{EE705B25-E66C-48B0-BCA9-667478BA0A2B}.Debug|Any CPU.Build.0 = Debug|Any CPU
		{EE705B25-E66C-48B0-BCA9-667478BA0A2B}.Release|Any CPU.ActiveCfg = Release|Any CPU
		{EE705B25-E66C-48B0-BCA9-667478BA0A2B}.Release|Any CPU.Build.0 = Release|Any CPU
		{0BA073BC-AF1C-410A-ABE3-33B5CEB1FD36}.Debug|Any CPU.ActiveCfg = Debug|Any CPU
		{0BA073BC-AF1C-410A-ABE3-33B5CEB1FD36}.Debug|Any CPU.Build.0 = Debug|Any CPU
		{0BA073BC-AF1C-410A-ABE3-33B5CEB1FD36}.Release|Any CPU.ActiveCfg = Release|Any CPU
		{0BA073BC-AF1C-410A-ABE3-33B5CEB1FD36}.Release|Any CPU.Build.0 = Release|Any CPU
	EndGlobalSection
	GlobalSection(SolutionProperties) = preSolution
		HideSolutionNode = FALSE
	EndGlobalSection
	GlobalSection(NestedProjects) = preSolution
		{187F85CC-76F1-49FF-B381-24F15EF3F44F} = {D57DC945-9274-43EC-8372-953B9EB27E99}
		{62215138-5FA0-4D38-92E3-9EECF7CCAC32} = {187F85CC-76F1-49FF-B381-24F15EF3F44F}
		{FF1D23DB-6DCE-4C18-8471-355586E8245F} = {925B00F3-88F1-4586-8AC7-C79E87321181}
		{8A1D72BA-0C6D-458B-81DE-65D1D8200D13} = {D57DC945-9274-43EC-8372-953B9EB27E99}
		{925B00F3-88F1-4586-8AC7-C79E87321181} = {EEA12CDE-AA95-4F62-98B0-1235C054E19F}
		{C0DCB7CF-C365-43F8-888C-1288470A256F} = {8A1D72BA-0C6D-458B-81DE-65D1D8200D13}
		{00155C6D-95FE-4CD3-9797-99A3906A9467} = {D57DC945-9274-43EC-8372-953B9EB27E99}
		{89BFEFE7-7382-452B-8104-AB0B62FBD7EF} = {00155C6D-95FE-4CD3-9797-99A3906A9467}
		{3A572FCD-08D2-4122-A042-A507A33607FE} = {D57DC945-9274-43EC-8372-953B9EB27E99}
		{9B65148F-A788-4EB6-997D-77B5D4E41E2C} = {3A572FCD-08D2-4122-A042-A507A33607FE}
		{68C8B345-22B8-4C86-B6F9-39B2DC97E252} = {D57DC945-9274-43EC-8372-953B9EB27E99}
		{645BD81F-ADC3-4E72-9DC3-F7E7D1C3A420} = {68C8B345-22B8-4C86-B6F9-39B2DC97E252}
		{EB7F6EDD-6DA0-4B34-BFA4-3539F7E3A7D2} = {D57DC945-9274-43EC-8372-953B9EB27E99}
		{7B8FEA34-3A17-4002-8320-C96AA53B276E} = {EB7F6EDD-6DA0-4B34-BFA4-3539F7E3A7D2}
		{F5EFC8A7-5A8A-4A53-B1CD-822E44C9C5F2} = {A29D1ADE-1CAE-418D-B8EF-770A1FCD8E7A}
		{EB7323A1-CC71-465D-8DEF-18B14DE16BD6} = {D57DC945-9274-43EC-8372-953B9EB27E99}
		{723A490B-8355-4B8D-B2BC-104EC67FE71C} = {EB7323A1-CC71-465D-8DEF-18B14DE16BD6}
		{E8A4051C-D079-49F3-A956-45917EE3E02A} = {EEA12CDE-AA95-4F62-98B0-1235C054E19F}
		{9CA42551-0F14-44A4-986F-BF01C751C0E4} = {E8A4051C-D079-49F3-A956-45917EE3E02A}
		{8F8BDEB3-23B9-4EBB-A2A1-3B54EA17A736} = {EEA12CDE-AA95-4F62-98B0-1235C054E19F}
		{106D0181-B97F-4DA4-B274-D6EA7440EE16} = {8F8BDEB3-23B9-4EBB-A2A1-3B54EA17A736}
		{681CB20C-8A02-4184-97CD-B103C48620B2} = {D57DC945-9274-43EC-8372-953B9EB27E99}
		{592E19B0-DA6C-44EF-AB33-41F9160DA425} = {681CB20C-8A02-4184-97CD-B103C48620B2}
		{201829B2-D089-45B1-A923-F97A8D31E287} = {D57DC945-9274-43EC-8372-953B9EB27E99}
		{57421245-72D7-4638-9BC6-8AE4628E0785} = {201829B2-D089-45B1-A923-F97A8D31E287}
		{185C3CF1-D126-443E-B335-DFB7750DAFB8} = {D57DC945-9274-43EC-8372-953B9EB27E99}
		{6C604D14-7913-4C34-9370-83550F1DAF66} = {185C3CF1-D126-443E-B335-DFB7750DAFB8}
		{C1498836-2F4E-4243-81FC-47C5C44A3338} = {D57DC945-9274-43EC-8372-953B9EB27E99}
		{2A536DFA-CDAF-45A2-8101-B02527787096} = {C1498836-2F4E-4243-81FC-47C5C44A3338}
		{1347987F-D7A9-414F-89B2-1CE09258C71C} = {D57DC945-9274-43EC-8372-953B9EB27E99}
		{93CBDD8C-5FFC-4D80-BCA5-9F8765EDC258} = {1347987F-D7A9-414F-89B2-1CE09258C71C}
		{24BC6A93-AAED-48BE-A74F-DB57A003FBC1} = {D57DC945-9274-43EC-8372-953B9EB27E99}
		{D0A192E9-F6BF-4C78-B372-4577C0435061} = {24BC6A93-AAED-48BE-A74F-DB57A003FBC1}
		{366A89CB-4648-4DE3-8CD9-3D1951744C07} = {D57DC945-9274-43EC-8372-953B9EB27E99}
		{603EDDEC-DABD-4C3A-8DBB-02985513D142} = {366A89CB-4648-4DE3-8CD9-3D1951744C07}
		{537A222D-7E91-4C20-8C88-289AC5C4EB33} = {D57DC945-9274-43EC-8372-953B9EB27E99}
		{C4FAB42A-B863-436E-AAE7-A1E5D59E90D6} = {537A222D-7E91-4C20-8C88-289AC5C4EB33}
		{EE9FE4FD-1A62-47D6-929A-44822BF75070} = {D57DC945-9274-43EC-8372-953B9EB27E99}
		{7BE7C6DC-8052-48D2-B735-8BE0DC54E478} = {EE9FE4FD-1A62-47D6-929A-44822BF75070}
		{2580AFC0-8F1A-4F2F-8C13-C66ED896DF6B} = {D57DC945-9274-43EC-8372-953B9EB27E99}
		{8D458AF5-C799-4B57-BF93-9615A709ED62} = {2580AFC0-8F1A-4F2F-8C13-C66ED896DF6B}
		{42DB1BCB-0A13-48D6-8259-155D7BFAB8D4} = {D57DC945-9274-43EC-8372-953B9EB27E99}
		{DB468CA3-F92F-4371-9B15-5F324F8B006C} = {42DB1BCB-0A13-48D6-8259-155D7BFAB8D4}
		{E7517BF8-B3F9-449A-BFA5-4AD0B036F306} = {D57DC945-9274-43EC-8372-953B9EB27E99}
		{5DD8502F-12E1-4702-BC86-2E1FED099468} = {E7517BF8-B3F9-449A-BFA5-4AD0B036F306}
		{6C298BB6-FBA2-48FA-9CEE-26F96CA1F685} = {EB7F6EDD-6DA0-4B34-BFA4-3539F7E3A7D2}
		{82192188-3AB8-4CA8-9F4D-059127BAF498} = {EB7323A1-CC71-465D-8DEF-18B14DE16BD6}
		{DFB8355D-B006-4239-9308-45E40A758F35} = {3A572FCD-08D2-4122-A042-A507A33607FE}
		{E657EF56-E155-4E98-89C4-DCEA53077207} = {187F85CC-76F1-49FF-B381-24F15EF3F44F}
		{6BB42B15-91B1-4421-8744-97BB77746D3C} = {C1498836-2F4E-4243-81FC-47C5C44A3338}
		{F6996CA2-E867-4EF7-9B29-A5B590AC0D71} = {1347987F-D7A9-414F-89B2-1CE09258C71C}
		{FEC383B5-785F-4352-90F6-103B6142B361} = {24BC6A93-AAED-48BE-A74F-DB57A003FBC1}
		{36B0E64C-42EF-44D8-A5AB-5AA9ABDA2EE5} = {68C8B345-22B8-4C86-B6F9-39B2DC97E252}
		{413A823E-5A7C-4BB7-BD01-19CDD0071A64} = {EE9FE4FD-1A62-47D6-929A-44822BF75070}
		{D4DFB982-C0F8-48E0-AA05-46FA7016ACB8} = {8A1D72BA-0C6D-458B-81DE-65D1D8200D13}
		{0CCD88EC-A637-437C-B06A-5D1ED5810EBF} = {185C3CF1-D126-443E-B335-DFB7750DAFB8}
		{1F647598-F4F3-469D-ACA2-C5883C0B15E7} = {537A222D-7E91-4C20-8C88-289AC5C4EB33}
		{EFAFC068-ED37-4C69-9747-EB8126B8CF2E} = {E7517BF8-B3F9-449A-BFA5-4AD0B036F306}
		{998B221D-CE8E-42DC-ADEC-E84ECDA432C2} = {2580AFC0-8F1A-4F2F-8C13-C66ED896DF6B}
		{62711E48-607C-4E2F-8646-609390A5225A} = {201829B2-D089-45B1-A923-F97A8D31E287}
		{D982EECE-F4D7-40BE-94E6-C0C187DA013D} = {00155C6D-95FE-4CD3-9797-99A3906A9467}
		{DC55ECE9-C9F1-4833-B9A8-93861DC6A344} = {42DB1BCB-0A13-48D6-8259-155D7BFAB8D4}
		{E76FC60B-0058-429B-A9A1-C690642C7B50} = {366A89CB-4648-4DE3-8CD9-3D1951744C07}
		{6CE50543-2E2B-4065-AB83-CD901F758888} = {FF1D23DB-6DCE-4C18-8471-355586E8245F}
		{674BC85D-B7DC-4AD3-B45A-0836868A96E9} = {6CE50543-2E2B-4065-AB83-CD901F758888}
		{A8285912-39FC-4193-96EE-C07DC9D962DA} = {6CE50543-2E2B-4065-AB83-CD901F758888}
		{97AD861A-A36D-4CFF-AF79-63C4E4351896} = {FF1D23DB-6DCE-4C18-8471-355586E8245F}
		{A7449262-A0F2-4DA8-8AB7-04BB7F15D767} = {97AD861A-A36D-4CFF-AF79-63C4E4351896}
		{03417312-D6F4-4B5F-8950-A35EFB6F1289} = {97AD861A-A36D-4CFF-AF79-63C4E4351896}
		{1EAA4228-9FE6-4F23-BE87-AD109AAB9B40} = {FF1D23DB-6DCE-4C18-8471-355586E8245F}
		{88C617A9-D4FC-4B4A-A1CD-7662D495C440} = {1EAA4228-9FE6-4F23-BE87-AD109AAB9B40}
		{EE705B25-E66C-48B0-BCA9-667478BA0A2B} = {681CB20C-8A02-4184-97CD-B103C48620B2}
		{0BA073BC-AF1C-410A-ABE3-33B5CEB1FD36} = {681CB20C-8A02-4184-97CD-B103C48620B2}
	EndGlobalSection
	GlobalSection(ExtensibilityGlobals) = postSolution
		SolutionGuid = {5BCB82ED-4986-4999-ABBE-C3F916452DA9}
	EndGlobalSection
EndGlobal
